
Microsoft Visual Studio Solution File, Format Version 12.00
# Visual Studio Version 16
VisualStudioVersion = 16.0.29424.173
MinimumVisualStudioVersion = 10.0.40219.1
Project("{9A19103F-16F7-4668-BE54-9A1E7A4F7556}") = "BaseLibrary", "BaseLibrary\BaseLibrary.csproj", "{66CF04E1-D62E-4AD9-94D9-A1AA17D3404F}"
EndProject
Project("{9A19103F-16F7-4668-BE54-9A1E7A4F7556}") = "TradePlatform", "TradePlatform\TradePlatform.csproj", "{36BB91F1-B5F8-4C40-B52C-2E10B5DFE19D}"
EndProject
Project("{2150E333-8FDC-42A3-9474-1A3956D46DE8}") = "Strategy", "Strategy", "{CA010FFE-F0B4-469A-B229-DBAE625791EC}"
EndProject
Project("{9A19103F-16F7-4668-BE54-9A1E7A4F7556}") = "Strategy001", "Strategy001\Strategy001.csproj", "{169607B2-6253-4C2B-93FE-3A3F3FD8A57A}"
EndProject
Global
	GlobalSection(SolutionConfigurationPlatforms) = preSolution
		Debug|Any CPU = Debug|Any CPU
		Release|Any CPU = Release|Any CPU
	EndGlobalSection
	GlobalSection(ProjectConfigurationPlatforms) = postSolution
		{66CF04E1-D62E-4AD9-94D9-A1AA17D3404F}.Debug|Any CPU.ActiveCfg = Debug|Any CPU
		{66CF04E1-D62E-4AD9-94D9-A1AA17D3404F}.Debug|Any CPU.Build.0 = Debug|Any CPU
		{66CF04E1-D62E-4AD9-94D9-A1AA17D3404F}.Release|Any CPU.ActiveCfg = Release|Any CPU
		{66CF04E1-D62E-4AD9-94D9-A1AA17D3404F}.Release|Any CPU.Build.0 = Release|Any CPU
		{36BB91F1-B5F8-4C40-B52C-2E10B5DFE19D}.Debug|Any CPU.ActiveCfg = Debug|Any CPU
		{36BB91F1-B5F8-4C40-B52C-2E10B5DFE19D}.Debug|Any CPU.Build.0 = Debug|Any CPU
		{36BB91F1-B5F8-4C40-B52C-2E10B5DFE19D}.Release|Any CPU.ActiveCfg = Release|Any CPU
		{36BB91F1-B5F8-4C40-B52C-2E10B5DFE19D}.Release|Any CPU.Build.0 = Release|Any CPU
		{169607B2-6253-4C2B-93FE-3A3F3FD8A57A}.Debug|Any CPU.ActiveCfg = Debug|Any CPU
		{169607B2-6253-4C2B-93FE-3A3F3FD8A57A}.Debug|Any CPU.Build.0 = Debug|Any CPU
		{169607B2-6253-4C2B-93FE-3A3F3FD8A57A}.Release|Any CPU.ActiveCfg = Release|Any CPU
		{169607B2-6253-4C2B-93FE-3A3F3FD8A57A}.Release|Any CPU.Build.0 = Release|Any CPU
	EndGlobalSection
	GlobalSection(SolutionProperties) = preSolution
		HideSolutionNode = FALSE
	EndGlobalSection
	GlobalSection(NestedProjects) = preSolution
		{169607B2-6253-4C2B-93FE-3A3F3FD8A57A} = {CA010FFE-F0B4-469A-B229-DBAE625791EC}
	EndGlobalSection
	GlobalSection(ExtensibilityGlobals) = postSolution
		SolutionGuid = {B0DCEC21-E12A-43E0-B0A7-F2CCB4C4F45D}
	EndGlobalSection
EndGlobal
